# Suggested locations for gallery prague/astronomical-clock, written by npm run photos:locate.
# gps: present → reverse-geocoded from the original's GPS (© OpenStreetMap contributors).
# gps: missing → a visual guess, imprecise by design. No coordinates are stored here.
photos:
  dscf4349:
    suggested: Old Town Square, Prague
    landmark: Old Town Square
    street: Old Town Square
    city: Prague
    country: Czechia
    gps: present
    source: OpenStreetMap reverse geocode
  dscf4522:
    suggested: Celetná, Prague
    landmark: Celetná
    street: Celetná
    city: Prague
    country: Czechia
    gps: present
    source: OpenStreetMap reverse geocode
  dscf4523:
    suggested: Celetná, Prague
    landmark: Celetná
    street: Celetná
    city: Prague
    country: Czechia
    gps: present
    source: OpenStreetMap reverse geocode
  dscf4525:
    suggested: Celetná, Prague
    landmark: Celetná
    street: Celetná
    city: Prague
    country: Czechia
    gps: present
    source: OpenStreetMap reverse geocode
  dscf4526:
    suggested: Celetná, Prague
    landmark: Celetná
    street: Celetná
    city: Prague
    country: Czechia
    gps: present
    source: OpenStreetMap reverse geocode
  dscf4531:
    suggested: Old Town Square, Prague
    landmark: Old Town Square
    street: Staroměstské náměstí
    city: Prague
    country: Czechia
    gps: present
    source: OpenStreetMap reverse geocode
